
Microsoft Visual Studio Solution File, Format Version 12.00
# Visual Studio 15
VisualStudioVersion = 15.0.28307.102
MinimumVisualStudioVersion = 10.0.40219.1
Project("{2150E333-8FDC-42A3-9474-1A3956D46DE8}") = "1.Web", "1.Web", "{0155D652-5EF4-45DE-8326-76A92A78C5D2}"
EndProject
Project("{2150E333-8FDC-42A3-9474-1A3956D46DE8}") = "3.Repository", "3.Repository", "{5073DBCC-6223-4F34-B4ED-9F414866F276}"
EndProject
Project("{2150E333-8FDC-42A3-9474-1A3956D46DE8}") = "2.Application", "2.Application", "{E65594AA-0BAC-4EB7-8EDB-A965EABFC177}"
EndProject
Project("{2150E333-8FDC-42A3-9474-1A3956D46DE8}") = "4.Entity", "4.Entity", "{857F6646-02EA-4F75-AD0F-E3DFFE6CFC94}"
EndProject
Project("{2150E333-8FDC-42A3-9474-1A3956D46DE8}") = "5.Infrastructure", "5.Infrastructure", "{52C95729-13C3-47B0-9C8D-9E69305E4605}"
EndProject
Project("{2150E333-8FDC-42A3-9474-1A3956D46DE8}") = "Test", "Test", "{E4F11B3D-2855-4C3F-9617-FF852415D9A1}"
EndProject
Project("{9A19103F-16F7-4668-BE54-9A1E7A4F7556}") = "AQ.IServices", "AQ.IServices\AQ.IServices.csproj", "{504E00F2-95D9-45F0-984A-50B6CE162207}"
EndProject
Project("{9A19103F-16F7-4668-BE54-9A1E7A4F7556}") = "AQ.Services", "AQ.Services\AQ.Services.csproj", "{639EEE98-0733-46D5-985C-8472A1D994AF}"
EndProject
Project("{9A19103F-16F7-4668-BE54-9A1E7A4F7556}") = "AQ.IRepository", "AQ.IRepository\AQ.IRepository.csproj", "{984AA9EC-1846-49BF-BB71-07DFC7998A82}"
EndProject
Project("{9A19103F-16F7-4668-BE54-9A1E7A4F7556}") = "AQ.Repository.SqlServer", "AQ.Repository.SqlServer\AQ.Repository.SqlServer.csproj", "{D0368859-6135-4B03-A7E2-F09A8CE6979A}"
EndProject
Project("{9A19103F-16F7-4668-BE54-9A1E7A4F7556}") = "AQ.ViewModels", "AQ.ViewModels\AQ.ViewModels.csproj", "{A9305D50-E46B-4DD5-AB60-2F9AA232EC73}"
EndProject
Project("{9A19103F-16F7-4668-BE54-9A1E7A4F7556}") = "AQ.Core", "AQ.Core\AQ.Core.csproj", "{962B4B77-A785-45D4-A43A-6BF0AD80526C}"
EndProject
Project("{9A19103F-16F7-4668-BE54-9A1E7A4F7556}") = "AQ.WebMain", "AQ.WebMain\AQ.WebMain.csproj", "{8BA09DEE-6348-478C-9BB2-D0D8EE03E33C}"
EndProject
Project("{2150E333-8FDC-42A3-9474-1A3956D46DE8}") = "6.CodeTools", "6.CodeTools", "{E8E31AB5-F2CE-43A7-A0F0-165238CEF4EC}"
EndProject
Project("{9A19103F-16F7-4668-BE54-9A1E7A4F7556}") = "AQ.CodeTools", "AQ.CodeTools\AQ.CodeTools.csproj", "{42325E00-16E8-479B-8D46-EABB1D180E40}"
EndProject
Project("{9A19103F-16F7-4668-BE54-9A1E7A4F7556}") = "AQ.Models", "AQ.Models\AQ.Models.csproj", "{1EA9204A-F461-4766-8969-95163ABCA88A}"
EndProject
Project("{9A19103F-16F7-4668-BE54-9A1E7A4F7556}") = "Test_1", "Test_1\Test_1.csproj", "{CFE8A85E-3520-422D-864F-B0DD3111D44B}"
EndProject
Project("{9A19103F-16F7-4668-BE54-9A1E7A4F7556}") = "Demo", "Demo\Demo.csproj", "{EE6ADCB4-1432-4320-8ED0-EAD58C57FEC8}"
EndProject
Project("{FAE04EC0-301F-11D3-BF4B-00C04F79EFBC}") = "AQ.ModelExtension", "AQ.ModelExtension\AQ.ModelExtension.csproj", "{FEFDC31D-0C1F-40AC-AFB3-6A4C90E38EBA}"
EndProject
Global
	GlobalSection(SolutionConfigurationPlatforms) = preSolution
		Debug|Any CPU = Debug|Any CPU
		Release|Any CPU = Release|Any CPU
	EndGlobalSection
	GlobalSection(ProjectConfigurationPlatforms) = postSolution
		{504E00F2-95D9-45F0-984A-50B6CE162207}.Debug|Any CPU.ActiveCfg = Debug|Any CPU
		{504E00F2-95D9-45F0-984A-50B6CE162207}.Debug|Any CPU.Build.0 = Debug|Any CPU
		{504E00F2-95D9-45F0-984A-50B6CE162207}.Release|Any CPU.ActiveCfg = Release|Any CPU
		{504E00F2-95D9-45F0-984A-50B6CE162207}.Release|Any CPU.Build.0 = Release|Any CPU
		{639EEE98-0733-46D5-985C-8472A1D994AF}.Debug|Any CPU.ActiveCfg = Debug|Any CPU
		{639EEE98-0733-46D5-985C-8472A1D994AF}.Debug|Any CPU.Build.0 = Debug|Any CPU
		{639EEE98-0733-46D5-985C-8472A1D994AF}.Release|Any CPU.ActiveCfg = Release|Any CPU
		{639EEE98-0733-46D5-985C-8472A1D994AF}.Release|Any CPU.Build.0 = Release|Any CPU
		{984AA9EC-1846-49BF-BB71-07DFC7998A82}.Debug|Any CPU.ActiveCfg = Debug|Any CPU
		{984AA9EC-1846-49BF-BB71-07DFC7998A82}.Debug|Any CPU.Build.0 = Debug|Any CPU
		{984AA9EC-1846-49BF-BB71-07DFC7998A82}.Release|Any CPU.ActiveCfg = Release|Any CPU
		{984AA9EC-1846-49BF-BB71-07DFC7998A82}.Release|Any CPU.Build.0 = Release|Any CPU
		{D0368859-6135-4B03-A7E2-F09A8CE6979A}.Debug|Any CPU.ActiveCfg = Debug|Any CPU
		{D0368859-6135-4B03-A7E2-F09A8CE6979A}.Debug|Any CPU.Build.0 = Debug|Any CPU
		{D0368859-6135-4B03-A7E2-F09A8CE6979A}.Release|Any CPU.ActiveCfg = Release|Any CPU
		{D0368859-6135-4B03-A7E2-F09A8CE6979A}.Release|Any CPU.Build.0 = Release|Any CPU
		{A9305D50-E46B-4DD5-AB60-2F9AA232EC73}.Debug|Any CPU.ActiveCfg = Debug|Any CPU
		{A9305D50-E46B-4DD5-AB60-2F9AA232EC73}.Debug|Any CPU.Build.0 = Debug|Any CPU
		{A9305D50-E46B-4DD5-AB60-2F9AA232EC73}.Release|Any CPU.ActiveCfg = Release|Any CPU
		{A9305D50-E46B-4DD5-AB60-2F9AA232EC73}.Release|Any CPU.Build.0 = Release|Any CPU
		{962B4B77-A785-45D4-A43A-6BF0AD80526C}.Debug|Any CPU.ActiveCfg = Debug|Any CPU
		{962B4B77-A785-45D4-A43A-6BF0AD80526C}.Debug|Any CPU.Build.0 = Debug|Any CPU
		{962B4B77-A785-45D4-A43A-6BF0AD80526C}.Release|Any CPU.ActiveCfg = Release|Any CPU
		{962B4B77-A785-45D4-A43A-6BF0AD80526C}.Release|Any CPU.Build.0 = Release|Any CPU
		{8BA09DEE-6348-478C-9BB2-D0D8EE03E33C}.Debug|Any CPU.ActiveCfg = Debug|Any CPU
		{8BA09DEE-6348-478C-9BB2-D0D8EE03E33C}.Debug|Any CPU.Build.0 = Debug|Any CPU
		{8BA09DEE-6348-478C-9BB2-D0D8EE03E33C}.Release|Any CPU.ActiveCfg = Release|Any CPU
		{8BA09DEE-6348-478C-9BB2-D0D8EE03E33C}.Release|Any CPU.Build.0 = Release|Any CPU
		{42325E00-16E8-479B-8D46-EABB1D180E40}.Debug|Any CPU.ActiveCfg = Debug|Any CPU
		{42325E00-16E8-479B-8D46-EABB1D180E40}.Debug|Any CPU.Build.0 = Debug|Any CPU
		{42325E00-16E8-479B-8D46-EABB1D180E40}.Release|Any CPU.ActiveCfg = Release|Any CPU
		{42325E00-16E8-479B-8D46-EABB1D180E40}.Release|Any CPU.Build.0 = Release|Any CPU
		{1EA9204A-F461-4766-8969-95163ABCA88A}.Debug|Any CPU.ActiveCfg = Debug|Any CPU
		{1EA9204A-F461-4766-8969-95163ABCA88A}.Debug|Any CPU.Build.0 = Debug|Any CPU
		{1EA9204A-F461-4766-8969-95163ABCA88A}.Release|Any CPU.ActiveCfg = Release|Any CPU
		{1EA9204A-F461-4766-8969-95163ABCA88A}.Release|Any CPU.Build.0 = Release|Any CPU
		{CFE8A85E-3520-422D-864F-B0DD3111D44B}.Debug|Any CPU.ActiveCfg = Debug|Any CPU
		{CFE8A85E-3520-422D-864F-B0DD3111D44B}.Debug|Any CPU.Build.0 = Debug|Any CPU
		{CFE8A85E-3520-422D-864F-B0DD3111D44B}.Release|Any CPU.ActiveCfg = Release|Any CPU
		{CFE8A85E-3520-422D-864F-B0DD3111D44B}.Release|Any CPU.Build.0 = Release|Any CPU
		{EE6ADCB4-1432-4320-8ED0-EAD58C57FEC8}.Debug|Any CPU.ActiveCfg = Debug|Any CPU
		{EE6ADCB4-1432-4320-8ED0-EAD58C57FEC8}.Debug|Any CPU.Build.0 = Debug|Any CPU
		{EE6ADCB4-1432-4320-8ED0-EAD58C57FEC8}.Release|Any CPU.ActiveCfg = Release|Any CPU
		{EE6ADCB4-1432-4320-8ED0-EAD58C57FEC8}.Release|Any CPU.Build.0 = Release|Any CPU
		{FEFDC31D-0C1F-40AC-AFB3-6A4C90E38EBA}.Debug|Any CPU.ActiveCfg = Debug|Any CPU
		{FEFDC31D-0C1F-40AC-AFB3-6A4C90E38EBA}.Debug|Any CPU.Build.0 = Debug|Any CPU
		{FEFDC31D-0C1F-40AC-AFB3-6A4C90E38EBA}.Release|Any CPU.ActiveCfg = Release|Any CPU
		{FEFDC31D-0C1F-40AC-AFB3-6A4C90E38EBA}.Release|Any CPU.Build.0 = Release|Any CPU
	EndGlobalSection
	GlobalSection(SolutionProperties) = preSolution
		HideSolutionNode = FALSE
	EndGlobalSection
	GlobalSection(NestedProjects) = preSolution
		{504E00F2-95D9-45F0-984A-50B6CE162207} = {E65594AA-0BAC-4EB7-8EDB-A965EABFC177}
		{639EEE98-0733-46D5-985C-8472A1D994AF} = {E65594AA-0BAC-4EB7-8EDB-A965EABFC177}
		{984AA9EC-1846-49BF-BB71-07DFC7998A82} = {5073DBCC-6223-4F34-B4ED-9F414866F276}
		{D0368859-6135-4B03-A7E2-F09A8CE6979A} = {5073DBCC-6223-4F34-B4ED-9F414866F276}
		{A9305D50-E46B-4DD5-AB60-2F9AA232EC73} = {857F6646-02EA-4F75-AD0F-E3DFFE6CFC94}
		{962B4B77-A785-45D4-A43A-6BF0AD80526C} = {52C95729-13C3-47B0-9C8D-9E69305E4605}
		{8BA09DEE-6348-478C-9BB2-D0D8EE03E33C} = {0155D652-5EF4-45DE-8326-76A92A78C5D2}
		{42325E00-16E8-479B-8D46-EABB1D180E40} = {E8E31AB5-F2CE-43A7-A0F0-165238CEF4EC}
		{1EA9204A-F461-4766-8969-95163ABCA88A} = {857F6646-02EA-4F75-AD0F-E3DFFE6CFC94}
		{CFE8A85E-3520-422D-864F-B0DD3111D44B} = {E4F11B3D-2855-4C3F-9617-FF852415D9A1}
		{EE6ADCB4-1432-4320-8ED0-EAD58C57FEC8} = {E4F11B3D-2855-4C3F-9617-FF852415D9A1}
		{FEFDC31D-0C1F-40AC-AFB3-6A4C90E38EBA} = {857F6646-02EA-4F75-AD0F-E3DFFE6CFC94}
	EndGlobalSection
	GlobalSection(ExtensibilityGlobals) = postSolution
		SolutionGuid = {3E141101-929C-403E-B2CD-01F50EEAD717}
	EndGlobalSection
EndGlobal
